// !$*UTF8*$!
{
	archiveVersion = 1;
	classes = {
	};
	objectVersion = 77;
	objects = {

/* Begin PBXBuildFile section */
		45385FD42CD01B50004F306A /* FirebaseFirestoreCombine-Community in Frameworks */ = {isa = PBXBuildFile; productRef = 45385FD32CD01B50004F306A /* FirebaseFirestoreCombine-Community */; };
		45385FD62CD01B96004F306A /* FirebaseCore in Frameworks */ = {isa = PBXBuildFile; productRef = 45385FD52CD01B96004F306A /* FirebaseCore */; };
		45385FD82CD01B96004F306A /* FirebaseFunctions in Frameworks */ = {isa = PBXBuildFile; productRef = 45385FD72CD01B96004F306A /* FirebaseFunctions */; };
		45385FDA2CD01B96004F306A /* FirebaseFunctionsCombine-Community in Frameworks */ = {isa = PBXBuildFile; productRef = 45385FD92CD01B96004F306A /* FirebaseFunctionsCombine-Community */; };
		45385FDC2CD01B96004F306A /* FirebaseInAppMessaging-Beta in Frameworks */ = {isa = PBXBuildFile; productRef = 45385FDB2CD01B96004F306A /* FirebaseInAppMessaging-Beta */; };
		45385FDE2CD01B96004F306A /* FirebaseInstallations in Frameworks */ = {isa = PBXBuildFile; productRef = 45385FDD2CD01B96004F306A /* FirebaseInstallations */; };
		45385FE02CD01B96004F306A /* FirebaseMLModelDownloader in Frameworks */ = {isa = PBXBuildFile; productRef = 45385FDF2CD01B96004F306A /* FirebaseMLModelDownloader */; };
		45385FE22CD01B96004F306A /* FirebaseMessaging in Frameworks */ = {isa = PBXBuildFile; productRef = 45385FE12CD01B96004F306A /* FirebaseMessaging */; };
		45385FE42CD01B96004F306A /* FirebasePerformance in Frameworks */ = {isa = PBXBuildFile; productRef = 45385FE32CD01B96004F306A /* FirebasePerformance */; };
		45385FE62CD01B96004F306A /* FirebaseRemoteConfig in Frameworks */ = {isa = PBXBuildFile; productRef = 45385FE52CD01B96004F306A /* FirebaseRemoteConfig */; };
		45385FE82CD01B96004F306A /* FirebaseStorage in Frameworks */ = {isa = PBXBuildFile; productRef = 45385FE72CD01B96004F306A /* FirebaseStorage */; };
		45385FEA2CD01B96004F306A /* FirebaseStorageCombine-Community in Frameworks */ = {isa = PBXBuildFile; productRef = 45385FE92CD01B96004F306A /* FirebaseStorageCombine-Community */; };
		45385FEC2CD01C62004F306A /* FirebaseAnalytics in Frameworks */ = {isa = PBXBuildFile; productRef = 45385FEB2CD01C62004F306A /* FirebaseAnalytics */; };
		45385FEE2CD01C62004F306A /* FirebaseAnalyticsOnDeviceConversion in Frameworks */ = {isa = PBXBuildFile; productRef = 45385FED2CD01C62004F306A /* FirebaseAnalyticsOnDeviceConversion */; };
		45385FF02CD01C62004F306A /* FirebaseAnalyticsWithoutAdIdSupport in Frameworks */ = {isa = PBXBuildFile; productRef = 45385FEF2CD01C62004F306A /* FirebaseAnalyticsWithoutAdIdSupport */; };
		45385FF22CD01C62004F306A /* FirebaseAppCheck in Frameworks */ = {isa = PBXBuildFile; productRef = 45385FF12CD01C62004F306A /* FirebaseAppCheck */; };
		45385FF42CD01C62004F306A /* FirebaseAppDistribution-Beta in Frameworks */ = {isa = PBXBuildFile; productRef = 45385FF32CD01C62004F306A /* FirebaseAppDistribution-Beta */; };
		45385FF62CD01C62004F306A /* FirebaseAuthCombine-Community in Frameworks */ = {isa = PBXBuildFile; productRef = 45385FF52CD01C62004F306A /* FirebaseAuthCombine-Community */; };
		45385FF82CD01C62004F306A /* FirebaseCrashlytics in Frameworks */ = {isa = PBXBuildFile; productRef = 45385FF72CD01C62004F306A /* FirebaseCrashlytics */; };
		45385FFA2CD01C62004F306A /* FirebaseDynamicLinks in Frameworks */ = {isa = PBXBuildFile; productRef = 45385FF92CD01C62004F306A /* FirebaseDynamicLinks */; };
		45385FFC2CD01C62004F306A /* FirebaseVertexAI in Frameworks */ = {isa = PBXBuildFile; productRef = 45385FFB2CD01C62004F306A /* FirebaseVertexAI */; };
		45B350E42CCD2B5000C43947 /* FirebaseAuth in Frameworks */ = {isa = PBXBuildFile; productRef = 45B350E32CCD2B5000C43947 /* FirebaseAuth */; };
		45B350E62CCD2B5000C43947 /* FirebaseDatabase in Frameworks */ = {isa = PBXBuildFile; productRef = 45B350E52CCD2B5000C43947 /* FirebaseDatabase */; };
		45B350E82CCD2B5000C43947 /* FirebaseFirestore in Frameworks */ = {isa = PBXBuildFile; productRef = 45B350E72CCD2B5000C43947 /* FirebaseFirestore */; };
/* End PBXBuildFile section */

/* Begin PBXContainerItemProxy section */
		45D397D02CCCDCF5005D613F /* PBXContainerItemProxy */ = {
			isa = PBXContainerItemProxy;
			containerPortal = 45D397B62CCCDCF3005D613F /* Project object */;
			proxyType = 1;
			remoteGlobalIDString = 45D397BD2CCCDCF3005D613F;
			remoteInfo = BetterBreasy;
		};
		45D397DA2CCCDCF5005D613F /* PBXContainerItemProxy */ = {
			isa = PBXContainerItemProxy;
			containerPortal = 45D397B62CCCDCF3005D613F /* Project object */;
			proxyType = 1;
			remoteGlobalIDString = 45D397BD2CCCDCF3005D613F;
			remoteInfo = BetterBreasy;
		};
/* End PBXContainerItemProxy section */

/* Begin PBXFileReference section */
		45D397BE2CCCDCF3005D613F /* BetterBreasy.app */ = {isa = PBXFileReference; explicitFileType = wrapper.application; includeInIndex = 0; path = BetterBreasy.app; sourceTree = BUILT_PRODUCTS_DIR; };
		45D397CF2CCCDCF5005D613F /* BetterBreasyTests.xctest */ = {isa = PBXFileReference; explicitFileType = wrapper.cfbundle; includeInIndex = 0; path = BetterBreasyTests.xctest; sourceTree = BUILT_PRODUCTS_DIR; };
		45D397D92CCCDCF5005D613F /* BetterBreasyUITests.xctest */ = {isa = PBXFileReference; explicitFileType = wrapper.cfbundle; includeInIndex = 0; path = BetterBreasyUITests.xctest; sourceTree = BUILT_PRODUCTS_DIR; };
/* End PBXFileReference section */

/* Begin PBXFileSystemSynchronizedRootGroup section */
		45D397C02CCCDCF3005D613F /* BetterBreasy */ = {
			isa = PBXFileSystemSynchronizedRootGroup;
			path = BetterBreasy;
			sourceTree = "<group>";
		};
		45D397D22CCCDCF5005D613F /* BetterBreasyTests */ = {
			isa = PBXFileSystemSynchronizedRootGroup;
			path = BetterBreasyTests;
			sourceTree = "<group>";
		};
		45D397DC2CCCDCF5005D613F /* BetterBreasyUITests */ = {
			isa = PBXFileSystemSynchronizedRootGroup;
			path = BetterBreasyUITests;
			sourceTree = "<group>";
		};
/* End PBXFileSystemSynchronizedRootGroup section */

/* Begin PBXFrameworksBuildPhase section */
		45D397BB2CCCDCF3005D613F /* Frameworks */ = {
			isa = PBXFrameworksBuildPhase;
			buildActionMask = 2147483647;
			files = (
				45385FF22CD01C62004F306A /* FirebaseAppCheck in Frameworks */,
				45385FFC2CD01C62004F306A /* FirebaseVertexAI in Frameworks */,
				45385FDA2CD01B96004F306A /* FirebaseFunctionsCombine-Community in Frameworks */,
				45385FEE2CD01C62004F306A /* FirebaseAnalyticsOnDeviceConversion in Frameworks */,
				45B350E62CCD2B5000C43947 /* FirebaseDatabase in Frameworks */,
				45385FE42CD01B96004F306A /* FirebasePerformance in Frameworks */,
				45385FF82CD01C62004F306A /* FirebaseCrashlytics in Frameworks */,
				45385FD62CD01B96004F306A /* FirebaseCore in Frameworks */,
				45385FDE2CD01B96004F306A /* FirebaseInstallations in Frameworks */,
				45385FF42CD01C62004F306A /* FirebaseAppDistribution-Beta in Frameworks */,
				45385FFA2CD01C62004F306A /* FirebaseDynamicLinks in Frameworks */,
				45385FDC2CD01B96004F306A /* FirebaseInAppMessaging-Beta in Frameworks */,
				45385FF02CD01C62004F306A /* FirebaseAnalyticsWithoutAdIdSupport in Frameworks */,
				45385FD42CD01B50004F306A /* FirebaseFirestoreCombine-Community in Frameworks */,
				45385FEA2CD01B96004F306A /* FirebaseStorageCombine-Community in Frameworks */,
				45385FD82CD01B96004F306A /* FirebaseFunctions in Frameworks */,
				45385FE02CD01B96004F306A /* FirebaseMLModelDownloader in Frameworks */,
				45385FEC2CD01C62004F306A /* FirebaseAnalytics in Frameworks */,
				45B350E42CCD2B5000C43947 /* FirebaseAuth in Frameworks */,
				45385FE62CD01B96004F306A /* FirebaseRemoteConfig in Frameworks */,
				45385FE82CD01B96004F306A /* FirebaseStorage in Frameworks */,
				45385FE22CD01B96004F306A /* FirebaseMessaging in Frameworks */,
				45385FF62CD01C62004F306A /* FirebaseAuthCombine-Community in Frameworks */,
				45B350E82CCD2B5000C43947 /* FirebaseFirestore in Frameworks */,
			);
			runOnlyForDeploymentPostprocessing = 0;
		};
		45D397CC2CCCDCF5005D613F /* Frameworks */ = {
			isa = PBXFrameworksBuildPhase;
			buildActionMask = 2147483647;
			files = (
			);
			runOnlyForDeploymentPostprocessing = 0;
		};
		45D397D62CCCDCF5005D613F /* Frameworks */ = {
			isa = PBXFrameworksBuildPhase;
			buildActionMask = 2147483647;
			files = (
			);
			runOnlyForDeploymentPostprocessing = 0;
		};
/* End PBXFrameworksBuildPhase section */

/* Begin PBXGroup section */
		45D397B52CCCDCF3005D613F = {
			isa = PBXGroup;
			children = (
				45D397C02CCCDCF3005D613F /* BetterBreasy */,
				45D397D22CCCDCF5005D613F /* BetterBreasyTests */,
				45D397DC2CCCDCF5005D613F /* BetterBreasyUITests */,
				45D397BF2CCCDCF3005D613F /* Products */,
			);
			sourceTree = "<group>";
		};
		45D397BF2CCCDCF3005D613F /* Products */ = {
			isa = PBXGroup;
			children = (
				45D397BE2CCCDCF3005D613F /* BetterBreasy.app */,
				45D397CF2CCCDCF5005D613F /* BetterBreasyTests.xctest */,
				45D397D92CCCDCF5005D613F /* BetterBreasyUITests.xctest */,
			);
			name = Products;
			sourceTree = "<group>";
		};
/* End PBXGroup section */

/* Begin PBXNativeTarget section */
		45D397BD2CCCDCF3005D613F /* BetterBreasy */ = {
			isa = PBXNativeTarget;
			buildConfigurationList = 45D397E32CCCDCF5005D613F /* Build configuration list for PBXNativeTarget "BetterBreasy" */;
			buildPhases = (
				45D397BA2CCCDCF3005D613F /* Sources */,
				45D397BB2CCCDCF3005D613F /* Frameworks */,
				45D397BC2CCCDCF3005D613F /* Resources */,
			);
			buildRules = (
			);
			dependencies = (
			);
			fileSystemSynchronizedGroups = (
				45D397C02CCCDCF3005D613F /* BetterBreasy */,
			);
			name = BetterBreasy;
			packageProductDependencies = (
				45B350E32CCD2B5000C43947 /* FirebaseAuth */,
				45B350E52CCD2B5000C43947 /* FirebaseDatabase */,
				45B350E72CCD2B5000C43947 /* FirebaseFirestore */,
				45385FD32CD01B50004F306A /* FirebaseFirestoreCombine-Community */,
				45385FD52CD01B96004F306A /* FirebaseCore */,
				45385FD72CD01B96004F306A /* FirebaseFunctions */,
				45385FD92CD01B96004F306A /* FirebaseFunctionsCombine-Community */,
				45385FDB2CD01B96004F306A /* FirebaseInAppMessaging-Beta */,
				45385FDD2CD01B96004F306A /* FirebaseInstallations */,
				45385FDF2CD01B96004F306A /* FirebaseMLModelDownloader */,
				45385FE12CD01B96004F306A /* FirebaseMessaging */,
				45385FE32CD01B96004F306A /* FirebasePerformance */,
				45385FE52CD01B96004F306A /* FirebaseRemoteConfig */,
				45385FE72CD01B96004F306A /* FirebaseStorage */,
				45385FE92CD01B96004F306A /* FirebaseStorageCombine-Community */,
				45385FEB2CD01C62004F306A /* FirebaseAnalytics */,
				45385FED2CD01C62004F306A /* FirebaseAnalyticsOnDeviceConversion */,
				45385FEF2CD01C62004F306A /* FirebaseAnalyticsWithoutAdIdSupport */,
				45385FF12CD01C62004F306A /* FirebaseAppCheck */,
				45385FF32CD01C62004F306A /* FirebaseAppDistribution-Beta */,
				45385FF52CD01C62004F306A /* FirebaseAuthCombine-Community */,
				45385FF72CD01C62004F306A /* FirebaseCrashlytics */,
				45385FF92CD01C62004F306A /* FirebaseDynamicLinks */,
				45385FFB2CD01C62004F306A /* FirebaseVertexAI */,
			);
			productName = BetterBreasy;
			productReference = 45D397BE2CCCDCF3005D613F /* BetterBreasy.app */;
			productType = "com.apple.product-type.application";
		};
		45D397CE2CCCDCF5005D613F /* BetterBreasyTests */ = {
			isa = PBXNativeTarget;
			buildConfigurationList = 45D397E62CCCDCF5005D613F /* Build configuration list for PBXNativeTarget "BetterBreasyTests" */;
			buildPhases = (
				45D397CB2CCCDCF5005D613F /* Sources */,
				45D397CC2CCCDCF5005D613F /* Frameworks */,
				45D397CD2CCCDCF5005D613F /* Resources */,
			);
			buildRules = (
			);
			dependencies = (
				45D397D12CCCDCF5005D613F /* PBXTargetDependency */,
			);
			fileSystemSynchronizedGroups = (
				45D397D22CCCDCF5005D613F /* BetterBreasyTests */,
			);
			name = BetterBreasyTests;
			packageProductDependencies = (
			);
			productName = BetterBreasyTests;
			productReference = 45D397CF2CCCDCF5005D613F /* BetterBreasyTests.xctest */;
			productType = "com.apple.product-type.bundle.unit-test";
		};
		45D397D82CCCDCF5005D613F /* BetterBreasyUITests */ = {
			isa = PBXNativeTarget;
			buildConfigurationList = 45D397E92CCCDCF5005D613F /* Build configuration list for PBXNativeTarget "BetterBreasyUITests" */;
			buildPhases = (
				45D397D52CCCDCF5005D613F /* Sources */,
				45D397D62CCCDCF5005D613F /* Frameworks */,
				45D397D72CCCDCF5005D613F /* Resources */,
			);
			buildRules = (
			);
			dependencies = (
				45D397DB2CCCDCF5005D613F /* PBXTargetDependency */,
			);
			fileSystemSynchronizedGroups = (
				45D397DC2CCCDCF5005D613F /* BetterBreasyUITests */,
			);
			name = BetterBreasyUITests;
			packageProductDependencies = (
			);
			productName = BetterBreasyUITests;
			productReference = 45D397D92CCCDCF5005D613F /* BetterBreasyUITests.xctest */;
			productType = "com.apple.product-type.bundle.ui-testing";
		};
/* End PBXNativeTarget section */

/* Begin PBXProject section */
		45D397B62CCCDCF3005D613F /* Project object */ = {
			isa = PBXProject;
			attributes = {
				BuildIndependentTargetsInParallel = 1;
				LastSwiftUpdateCheck = 1600;
				LastUpgradeCheck = 1600;
				TargetAttributes = {
					45D397BD2CCCDCF3005D613F = {
						CreatedOnToolsVersion = 16.0;
					};
					45D397CE2CCCDCF5005D613F = {
						CreatedOnToolsVersion = 16.0;
						TestTargetID = 45D397BD2CCCDCF3005D613F;
					};
					45D397D82CCCDCF5005D613F = {
						CreatedOnToolsVersion = 16.0;
						TestTargetID = 45D397BD2CCCDCF3005D613F;
					};
				};
			};
			buildConfigurationList = 45D397B92CCCDCF3005D613F /* Build configuration list for PBXProject "BetterBreasy" */;
			developmentRegion = en;
			hasScannedForEncodings = 0;
			knownRegions = (
				en,
				Base,
			);
			mainGroup = 45D397B52CCCDCF3005D613F;
			minimizedProjectReferenceProxies = 1;
			packageReferences = (
				45B350E22CCD2B5000C43947 /* XCRemoteSwiftPackageReference "firebase-ios-sdk" */,
			);
			preferredProjectObjectVersion = 77;
			productRefGroup = 45D397BF2CCCDCF3005D613F /* Products */;
			projectDirPath = "";
			projectRoot = "";
			targets = (
				45D397BD2CCCDCF3005D613F /* BetterBreasy */,
				45D397CE2CCCDCF5005D613F /* BetterBreasyTests */,
				45D397D82CCCDCF5005D613F /* BetterBreasyUITests */,
			);
		};
/* End PBXProject section */

/* Begin PBXResourcesBuildPhase section */
		45D397BC2CCCDCF3005D613F /* Resources */ = {
			isa = PBXResourcesBuildPhase;
			buildActionMask = 2147483647;
			files = (
			);
			runOnlyForDeploymentPostprocessing = 0;
		};
		45D397CD2CCCDCF5005D613F /* Resources */ = {
			isa = PBXResourcesBuildPhase;
			buildActionMask = 2147483647;
			files = (
			);
			runOnlyForDeploymentPostprocessing = 0;
		};
		45D397D72CCCDCF5005D613F /* Resources */ = {
			isa = PBXResourcesBuildPhase;
			buildActionMask = 2147483647;
			files = (
			);
			runOnlyForDeploymentPostprocessing = 0;
		};
/* End PBXResourcesBuildPhase section */

/* Begin PBXSourcesBuildPhase section */
		45D397BA2CCCDCF3005D613F /* Sources */ = {
			isa = PBXSourcesBuildPhase;
			buildActionMask = 2147483647;
			files = (
			);
			runOnlyForDeploymentPostprocessing = 0;
		};
		45D397CB2CCCDCF5005D613F /* Sources */ = {
			isa = PBXSourcesBuildPhase;
			buildActionMask = 2147483647;
			files = (
			);
			runOnlyForDeploymentPostprocessing = 0;
		};
		45D397D52CCCDCF5005D613F /* Sources */ = {
			isa = PBXSourcesBuildPhase;
			buildActionMask = 2147483647;
			files = (
			);
			runOnlyForDeploymentPostprocessing = 0;
		};
/* End PBXSourcesBuildPhase section */

/* Begin PBXTargetDependency section */
		45D397D12CCCDCF5005D613F /* PBXTargetDependency */ = {
			isa = PBXTargetDependency;
			target = 45D397BD2CCCDCF3005D613F /* BetterBreasy */;
			targetProxy = 45D397D02CCCDCF5005D613F /* PBXContainerItemProxy */;
		};
		45D397DB2CCCDCF5005D613F /* PBXTargetDependency */ = {
			isa = PBXTargetDependency;
			target = 45D397BD2CCCDCF3005D613F /* BetterBreasy */;
			targetProxy = 45D397DA2CCCDCF5005D613F /* PBXContainerItemProxy */;
		};
/* End PBXTargetDependency section */

/* Begin XCBuildConfiguration section */
		45D397E12CCCDCF5005D613F /* Debug */ = {
			isa = XCBuildConfiguration;
			buildSettings = {
				ALWAYS_SEARCH_USER_PATHS = NO;
				ASSETCATALOG_COMPILER_GENERATE_SWIFT_ASSET_SYMBOL_EXTENSIONS = YES;
				CLANG_ANALYZER_NONNULL = YES;
				CLANG_ANALYZER_NUMBER_OBJECT_CONVERSION = YES_AGGRESSIVE;
				CLANG_CXX_LANGUAGE_STANDARD = "gnu++20";
				CLANG_ENABLE_MODULES = YES;
				CLANG_ENABLE_OBJC_ARC = YES;
				CLANG_ENABLE_OBJC_WEAK = YES;
				CLANG_WARN_BLOCK_CAPTURE_AUTORELEASING = YES;
				CLANG_WARN_BOOL_CONVERSION = YES;
				CLANG_WARN_COMMA = YES;
				CLANG_WARN_CONSTANT_CONVERSION = YES;
				CLANG_WARN_DEPRECATED_OBJC_IMPLEMENTATIONS = YES;
				CLANG_WARN_DIRECT_OBJC_ISA_USAGE = YES_ERROR;
				CLANG_WARN_DOCUMENTATION_COMMENTS = YES;
				CLANG_WARN_EMPTY_BODY = YES;
				CLANG_WARN_ENUM_CONVERSION = YES;
				CLANG_WARN_INFINITE_RECURSION = YES;
				CLANG_WARN_INT_CONVERSION = YES;
				CLANG_WARN_NON_LITERAL_NULL_CONVERSION = YES;
				CLANG_WARN_OBJC_IMPLICIT_RETAIN_SELF = YES;
				CLANG_WARN_OBJC_LITERAL_CONVERSION = YES;
				CLANG_WARN_OBJC_ROOT_CLASS = YES_ERROR;
				CLANG_WARN_QUOTED_INCLUDE_IN_FRAMEWORK_HEADER = YES;
				CLANG_WARN_RANGE_LOOP_ANALYSIS = YES;
				CLANG_WARN_STRICT_PROTOTYPES = YES;
				CLANG_WARN_SUSPICIOUS_MOVE = YES;
				CLANG_WARN_UNGUARDED_AVAILABILITY = YES_AGGRESSIVE;
				CLANG_WARN_UNREACHABLE_CODE = YES;
				CLANG_WARN__DUPLICATE_METHOD_MATCH = YES;
				COPY_PHASE_STRIP = NO;
				DEBUG_INFORMATION_FORMAT = dwarf;
				ENABLE_STRICT_OBJC_MSGSEND = YES;
				ENABLE_TESTABILITY = YES;
				ENABLE_USER_SCRIPT_SANDBOXING = YES;
				GCC_C_LANGUAGE_STANDARD = gnu17;
				GCC_DYNAMIC_NO_PIC = NO;
				GCC_NO_COMMON_BLOCKS = YES;
				GCC_OPTIMIZATION_LEVEL = 0;
				GCC_PREPROCESSOR_DEFINITIONS = (
					"DEBUG=1",
					"$(inherited)",
				);
				GCC_WARN_64_TO_32_BIT_CONVERSION = YES;
				GCC_WARN_ABOUT_RETURN_TYPE = YES_ERROR;
				GCC_WARN_UNDECLARED_SELECTOR = YES;
				GCC_WARN_UNINITIALIZED_AUTOS = YES_AGGRESSIVE;
				GCC_WARN_UNUSED_FUNCTION = YES;
				GCC_WARN_UNUSED_VARIABLE = YES;
				LOCALIZATION_PREFERS_STRING_CATALOGS = YES;
				MTL_ENABLE_DEBUG_INFO = INCLUDE_SOURCE;
				MTL_FAST_MATH = YES;
				ONLY_ACTIVE_ARCH = YES;
				SWIFT_ACTIVE_COMPILATION_CONDITIONS = "DEBUG $(inherited)";
				SWIFT_OPTIMIZATION_LEVEL = "-Onone";
			};
			name = Debug;
		};
		45D397E22CCCDCF5005D613F /* Release */ = {
			isa = XCBuildConfiguration;
			buildSettings = {
				ALWAYS_SEARCH_USER_PATHS = NO;
				ASSETCATALOG_COMPILER_GENERATE_SWIFT_ASSET_SYMBOL_EXTENSIONS = YES;
				CLANG_ANALYZER_NONNULL = YES;
				CLANG_ANALYZER_NUMBER_OBJECT_CONVERSION = YES_AGGRESSIVE;
				CLANG_CXX_LANGUAGE_STANDARD = "gnu++20";
				CLANG_ENABLE_MODULES = YES;
				CLANG_ENABLE_OBJC_ARC = YES;
				CLANG_ENABLE_OBJC_WEAK = YES;
				CLANG_WARN_BLOCK_CAPTURE_AUTORELEASING = YES;
				CLANG_WARN_BOOL_CONVERSION = YES;
				CLANG_WARN_COMMA = YES;
				CLANG_WARN_CONSTANT_CONVERSION = YES;
				CLANG_WARN_DEPRECATED_OBJC_IMPLEMENTATIONS = YES;
				CLANG_WARN_DIRECT_OBJC_ISA_USAGE = YES_ERROR;
				CLANG_WARN_DOCUMENTATION_COMMENTS = YES;
				CLANG_WARN_EMPTY_BODY = YES;
				CLANG_WARN_ENUM_CONVERSION = YES;
				CLANG_WARN_INFINITE_RECURSION = YES;
				CLANG_WARN_INT_CONVERSION = YES;
				CLANG_WARN_NON_LITERAL_NULL_CONVERSION = YES;
				CLANG_WARN_OBJC_IMPLICIT_RETAIN_SELF = YES;
				CLANG_WARN_OBJC_LITERAL_CONVERSION = YES;
				CLANG_WARN_OBJC_ROOT_CLASS = YES_ERROR;
				CLANG_WARN_QUOTED_INCLUDE_IN_FRAMEWORK_HEADER = YES;
				CLANG_WARN_RANGE_LOOP_ANALYSIS = YES;
				CLANG_WARN_STRICT_PROTOTYPES = YES;
				CLANG_WARN_SUSPICIOUS_MOVE = YES;
				CLANG_WARN_UNGUARDED_AVAILABILITY = YES_AGGRESSIVE;
				CLANG_WARN_UNREACHABLE_CODE = YES;
				CLANG_WARN__DUPLICATE_METHOD_MATCH = YES;
				COPY_PHASE_STRIP = NO;
				DEBUG_INFORMATION_FORMAT = "dwarf-with-dsym";
				ENABLE_NS_ASSERTIONS = NO;
				ENABLE_STRICT_OBJC_MSGSEND = YES;
				ENABLE_USER_SCRIPT_SANDBOXING = YES;
				GCC_C_LANGUAGE_STANDARD = gnu17;
				GCC_NO_COMMON_BLOCKS = YES;
				GCC_WARN_64_TO_32_BIT_CONVERSION = YES;
				GCC_WARN_ABOUT_RETURN_TYPE = YES_ERROR;
				GCC_WARN_UNDECLARED_SELECTOR = YES;
				GCC_WARN_UNINITIALIZED_AUTOS = YES_AGGRESSIVE;
				GCC_WARN_UNUSED_FUNCTION = YES;
				GCC_WARN_UNUSED_VARIABLE = YES;
				LOCALIZATION_PREFERS_STRING_CATALOGS = YES;
				MTL_ENABLE_DEBUG_INFO = NO;
				MTL_FAST_MATH = YES;
				SWIFT_COMPILATION_MODE = wholemodule;
			};
			name = Release;
		};
		45D397E42CCCDCF5005D613F /* Debug */ = {
			isa = XCBuildConfiguration;
			buildSettings = {
				ASSETCATALOG_COMPILER_APPICON_NAME = AppIcon;
				ASSETCATALOG_COMPILER_GLOBAL_ACCENT_COLOR_NAME = AccentColor;
				CODE_SIGN_ENTITLEMENTS = BetterBreasy/BetterBreasy.entitlements;
				CODE_SIGN_STYLE = Automatic;
				CURRENT_PROJECT_VERSION = 1;
				DEVELOPMENT_ASSET_PATHS = "\"BetterBreasy/Preview Content\"";
				DEVELOPMENT_TEAM = BQLN86J5PK;
				ENABLE_HARDENED_RUNTIME = YES;
				ENABLE_PREVIEWS = YES;
				GENERATE_INFOPLIST_FILE = YES;
				"INFOPLIST_KEY_UIApplicationSceneManifest_Generation[sdk=iphoneos*]" = YES;
				"INFOPLIST_KEY_UIApplicationSceneManifest_Generation[sdk=iphonesimulator*]" = YES;
				"INFOPLIST_KEY_UIApplicationSupportsIndirectInputEvents[sdk=iphoneos*]" = YES;
				"INFOPLIST_KEY_UIApplicationSupportsIndirectInputEvents[sdk=iphonesimulator*]" = YES;
				"INFOPLIST_KEY_UILaunchScreen_Generation[sdk=iphoneos*]" = YES;
				"INFOPLIST_KEY_UILaunchScreen_Generation[sdk=iphonesimulator*]" = YES;
				"INFOPLIST_KEY_UIStatusBarStyle[sdk=iphoneos*]" = UIStatusBarStyleDefault;
				"INFOPLIST_KEY_UIStatusBarStyle[sdk=iphonesimulator*]" = UIStatusBarStyleDefault;
				INFOPLIST_KEY_UISupportedInterfaceOrientations = UIInterfaceOrientationPortrait;
				IPHONEOS_DEPLOYMENT_TARGET = 18.0;
				LD_RUNPATH_SEARCH_PATHS = "@executable_path/Frameworks";
				"LD_RUNPATH_SEARCH_PATHS[sdk=macosx*]" = "@executable_path/../Frameworks";
				MACOSX_DEPLOYMENT_TARGET = 15.0;
				MARKETING_VERSION = 1.0;
				PRODUCT_BUNDLE_IDENTIFIER = com.francescodefrancesco.BetterBreasy;
				PRODUCT_NAME = "$(TARGET_NAME)";
				SDKROOT = auto;
				SUPPORTED_PLATFORMS = "iphoneos iphonesimulator macosx xros xrsimulator";
				SWIFT_EMIT_LOC_STRINGS = YES;
				SWIFT_VERSION = 5.0;
				TARGETED_DEVICE_FAMILY = "1,2,7";
				XROS_DEPLOYMENT_TARGET = 2.0;
			};
			name = Debug;
		};
		45D397E52CCCDCF5005D613F /* Release */ = {
			isa = XCBuildConfiguration;
			buildSettings = {
				ASSETCATALOG_COMPILER_APPICON_NAME = AppIcon;
				ASSETCATALOG_COMPILER_GLOBAL_ACCENT_COLOR_NAME = AccentColor;
				CODE_SIGN_ENTITLEMENTS = BetterBreasy/BetterBreasy.entitlements;
				CODE_SIGN_STYLE = Automatic;
				CURRENT_PROJECT_VERSION = 1;
				DEVELOPMENT_ASSET_PATHS = "\"BetterBreasy/Preview Content\"";
				DEVELOPMENT_TEAM = BQLN86J5PK;
				ENABLE_HARDENED_RUNTIME = YES;
				ENABLE_PREVIEWS = YES;
				GENERATE_INFOPLIST_FILE = YES;
				"INFOPLIST_KEY_UIApplicationSceneManifest_Generation[sdk=iphoneos*]" = YES;
				"INFOPLIST_KEY_UIApplicationSceneManifest_Generation[sdk=iphonesimulator*]" = YES;
				"INFOPLIST_KEY_UIApplicationSupportsIndirectInputEvents[sdk=iphoneos*]" = YES;
				"INFOPLIST_KEY_UIApplicationSupportsIndirectInputEvents[sdk=iphonesimulator*]" = YES;
				"INFOPLIST_KEY_UILaunchScreen_Generation[sdk=iphoneos*]" = YES;
				"INFOPLIST_KEY_UILaunchScreen_Generation[sdk=iphonesimulator*]" = YES;
				"INFOPLIST_KEY_UIStatusBarStyle[sdk=iphoneos*]" = UIStatusBarStyleDefault;
				"INFOPLIST_KEY_UIStatusBarStyle[sdk=iphonesimulator*]" = UIStatusBarStyleDefault;
				INFOPLIST_KEY_UISupportedInterfaceOrientations = UIInterfaceOrientationPortrait;
				IPHONEOS_DEPLOYMENT_TARGET = 18.0;
				LD_RUNPATH_SEARCH_PATHS = "@executable_path/Frameworks";
				"LD_RUNPATH_SEARCH_PATHS[sdk=macosx*]" = "@executable_path/../Frameworks";
				MACOSX_DEPLOYMENT_TARGET = 15.0;
				MARKETING_VERSION = 1.0;
				PRODUCT_BUNDLE_IDENTIFIER = com.francescodefrancesco.BetterBreasy;
				PRODUCT_NAME = "$(TARGET_NAME)";
				SDKROOT = auto;
				SUPPORTED_PLATFORMS = "iphoneos iphonesimulator macosx xros xrsimulator";
				SWIFT_EMIT_LOC_STRINGS = YES;
				SWIFT_VERSION = 5.0;
				TARGETED_DEVICE_FAMILY = "1,2,7";
				XROS_DEPLOYMENT_TARGET = 2.0;
			};
			name = Release;
		};
		45D397E72CCCDCF5005D613F /* Debug */ = {
			isa = XCBuildConfiguration;
			buildSettings = {
				BUNDLE_LOADER = "$(TEST_HOST)";
				CODE_SIGN_STYLE = Automatic;
				CURRENT_PROJECT_VERSION = 1;
				DEVELOPMENT_TEAM = BQLN86J5PK;
				GENERATE_INFOPLIST_FILE = YES;
				IPHONEOS_DEPLOYMENT_TARGET = 18.0;
				MACOSX_DEPLOYMENT_TARGET = 15.0;
				MARKETING_VERSION = 1.0;
				PRODUCT_BUNDLE_IDENTIFIER = com.francescodefrancesco.BetterBreasyTests;
				PRODUCT_NAME = "$(TARGET_NAME)";
				SDKROOT = auto;
				SUPPORTED_PLATFORMS = "iphoneos iphonesimulator macosx xros xrsimulator";
				SWIFT_EMIT_LOC_STRINGS = NO;
				SWIFT_VERSION = 5.0;
				TARGETED_DEVICE_FAMILY = "1,2,7";
				TEST_HOST = "$(BUILT_PRODUCTS_DIR)/BetterBreasy.app/$(BUNDLE_EXECUTABLE_FOLDER_PATH)/BetterBreasy";
				XROS_DEPLOYMENT_TARGET = 2.0;
			};
			name = Debug;
		};
		45D397E82CCCDCF5005D613F /* Release */ = {
			isa = XCBuildConfiguration;
			buildSettings = {
				BUNDLE_LOADER = "$(TEST_HOST)";
				CODE_SIGN_STYLE = Automatic;
				CURRENT_PROJECT_VERSION = 1;
				DEVELOPMENT_TEAM = BQLN86J5PK;
				GENERATE_INFOPLIST_FILE = YES;
				IPHONEOS_DEPLOYMENT_TARGET = 18.0;
				MACOSX_DEPLOYMENT_TARGET = 15.0;
				MARKETING_VERSION = 1.0;
				PRODUCT_BUNDLE_IDENTIFIER = com.francescodefrancesco.BetterBreasyTests;
				PRODUCT_NAME = "$(TARGET_NAME)";
				SDKROOT = auto;
				SUPPORTED_PLATFORMS = "iphoneos iphonesimulator macosx xros xrsimulator";
				SWIFT_EMIT_LOC_STRINGS = NO;
				SWIFT_VERSION = 5.0;
				TARGETED_DEVICE_FAMILY = "1,2,7";
				TEST_HOST = "$(BUILT_PRODUCTS_DIR)/BetterBreasy.app/$(BUNDLE_EXECUTABLE_FOLDER_PATH)/BetterBreasy";
				XROS_DEPLOYMENT_TARGET = 2.0;
			};
			name = Release;
		};
		45D397EA2CCCDCF5005D613F /* Debug */ = {
			isa = XCBuildConfiguration;
			buildSettings = {
				CODE_SIGN_STYLE = Automatic;
				CURRENT_PROJECT_VERSION = 1;
				DEVELOPMENT_TEAM = BQLN86J5PK;
				GENERATE_INFOPLIST_FILE = YES;
				IPHONEOS_DEPLOYMENT_TARGET = 18.0;
				MACOSX_DEPLOYMENT_TARGET = 15.0;
				MARKETING_VERSION = 1.0;
				PRODUCT_BUNDLE_IDENTIFIER = com.francescodefrancesco.BetterBreasyUITests;
				PRODUCT_NAME = "$(TARGET_NAME)";
				SDKROOT = auto;
				SUPPORTED_PLATFORMS = "iphoneos iphonesimulator macosx xros xrsimulator";
				SWIFT_EMIT_LOC_STRINGS = NO;
				SWIFT_VERSION = 5.0;
				TARGETED_DEVICE_FAMILY = "1,2,7";
				TEST_TARGET_NAME = BetterBreasy;
				XROS_DEPLOYMENT_TARGET = 2.0;
			};
			name = Debug;
		};
		45D397EB2CCCDCF5005D613F /* Release */ = {
			isa = XCBuildConfiguration;
			buildSettings = {
				CODE_SIGN_STYLE = Automatic;
				CURRENT_PROJECT_VERSION = 1;
				DEVELOPMENT_TEAM = BQLN86J5PK;
				GENERATE_INFOPLIST_FILE = YES;
				IPHONEOS_DEPLOYMENT_TARGET = 18.0;
				MACOSX_DEPLOYMENT_TARGET = 15.0;
				MARKETING_VERSION = 1.0;
				PRODUCT_BUNDLE_IDENTIFIER = com.francescodefrancesco.BetterBreasyUITests;
				PRODUCT_NAME = "$(TARGET_NAME)";
				SDKROOT = auto;
				SUPPORTED_PLATFORMS = "iphoneos iphonesimulator macosx xros xrsimulator";
				SWIFT_EMIT_LOC_STRINGS = NO;
				SWIFT_VERSION = 5.0;
				TARGETED_DEVICE_FAMILY = "1,2,7";
				TEST_TARGET_NAME = BetterBreasy;
				XROS_DEPLOYMENT_TARGET = 2.0;
			};
			name = Release;
		};
/* End XCBuildConfiguration section */

/* Begin XCConfigurationList section */
		45D397B92CCCDCF3005D613F /* Build configuration list for PBXProject "BetterBreasy" */ = {
			isa = XCConfigurationList;
			buildConfigurations = (
				45D397E12CCCDCF5005D613F /* Debug */,
				45D397E22CCCDCF5005D613F /* Release */,
			);
			defaultConfigurationIsVisible = 0;
			defaultConfigurationName = Release;
		};
		45D397E32CCCDCF5005D613F /* Build configuration list for PBXNativeTarget "BetterBreasy" */ = {
			isa = XCConfigurationList;
			buildConfigurations = (
				45D397E42CCCDCF5005D613F /* Debug */,
				45D397E52CCCDCF5005D613F /* Release */,
			);
			defaultConfigurationIsVisible = 0;
			defaultConfigurationName = Release;
		};
		45D397E62CCCDCF5005D613F /* Build configuration list for PBXNativeTarget "BetterBreasyTests" */ = {
			isa = XCConfigurationList;
			buildConfigurations = (
				45D397E72CCCDCF5005D613F /* Debug */,
				45D397E82CCCDCF5005D613F /* Release */,
			);
			defaultConfigurationIsVisible = 0;
			defaultConfigurationName = Release;
		};
		45D397E92CCCDCF5005D613F /* Build configuration list for PBXNativeTarget "BetterBreasyUITests" */ = {
			isa = XCConfigurationList;
			buildConfigurations = (
				45D397EA2CCCDCF5005D613F /* Debug */,
				45D397EB2CCCDCF5005D613F /* Release */,
			);
			defaultConfigurationIsVisible = 0;
			defaultConfigurationName = Release;
		};
/* End XCConfigurationList section */

/* Begin XCRemoteSwiftPackageReference section */
		45B350E22CCD2B5000C43947 /* XCRemoteSwiftPackageReference "firebase-ios-sdk" */ = {
			isa = XCRemoteSwiftPackageReference;
			repositoryURL = "https://github.com/firebase/firebase-ios-sdk";
			requirement = {
				kind = upToNextMajorVersion;
				minimumVersion = 11.4.0;
			};
		};
/* End XCRemoteSwiftPackageReference section */

/* Begin XCSwiftPackageProductDependency section */
		45385FD32CD01B50004F306A /* FirebaseFirestoreCombine-Community */ = {
			isa = XCSwiftPackageProductDependency;
			package = 45B350E22CCD2B5000C43947 /* XCRemoteSwiftPackageReference "firebase-ios-sdk" */;
			productName = "FirebaseFirestoreCombine-Community";
		};
		45385FD52CD01B96004F306A /* FirebaseCore */ = {
			isa = XCSwiftPackageProductDependency;
			package = 45B350E22CCD2B5000C43947 /* XCRemoteSwiftPackageReference "firebase-ios-sdk" */;
			productName = FirebaseCore;
		};
		45385FD72CD01B96004F306A /* FirebaseFunctions */ = {
			isa = XCSwiftPackageProductDependency;
			package = 45B350E22CCD2B5000C43947 /* XCRemoteSwiftPackageReference "firebase-ios-sdk" */;
			productName = FirebaseFunctions;
		};
		45385FD92CD01B96004F306A /* FirebaseFunctionsCombine-Community */ = {
			isa = XCSwiftPackageProductDependency;
			package = 45B350E22CCD2B5000C43947 /* XCRemoteSwiftPackageReference "firebase-ios-sdk" */;
			productName = "FirebaseFunctionsCombine-Community";
		};
		45385FDB2CD01B96004F306A /* FirebaseInAppMessaging-Beta */ = {
			isa = XCSwiftPackageProductDependency;
			package = 45B350E22CCD2B5000C43947 /* XCRemoteSwiftPackageReference "firebase-ios-sdk" */;
			productName = "FirebaseInAppMessaging-Beta";
		};
		45385FDD2CD01B96004F306A /* FirebaseInstallations */ = {
			isa = XCSwiftPackageProductDependency;
			package = 45B350E22CCD2B5000C43947 /* XCRemoteSwiftPackageReference "firebase-ios-sdk" */;
			productName = FirebaseInstallations;
		};
		45385FDF2CD01B96004F306A /* FirebaseMLModelDownloader */ = {
			isa = XCSwiftPackageProductDependency;
			package = 45B350E22CCD2B5000C43947 /* XCRemoteSwiftPackageReference "firebase-ios-sdk" */;
			productName = FirebaseMLModelDownloader;
		};
		45385FE12CD01B96004F306A /* FirebaseMessaging */ = {
			isa = XCSwiftPackageProductDependency;
			package = 45B350E22CCD2B5000C43947 /* XCRemoteSwiftPackageReference "firebase-ios-sdk" */;
			productName = FirebaseMessaging;
		};
		45385FE32CD01B96004F306A /* FirebasePerformance */ = {
			isa = XCSwiftPackageProductDependency;
			package = 45B350E22CCD2B5000C43947 /* XCRemoteSwiftPackageReference "firebase-ios-sdk" */;
			productName = FirebasePerformance;
		};
		45385FE52CD01B96004F306A /* FirebaseRemoteConfig */ = {
			isa = XCSwiftPackageProductDependency;
			package = 45B350E22CCD2B5000C43947 /* XCRemoteSwiftPackageReference "firebase-ios-sdk" */;
			productName = FirebaseRemoteConfig;
		};
		45385FE72CD01B96004F306A /* FirebaseStorage */ = {
			isa = XCSwiftPackageProductDependency;
			package = 45B350E22CCD2B5000C43947 /* XCRemoteSwiftPackageReference "firebase-ios-sdk" */;
			productName = FirebaseStorage;
		};
		45385FE92CD01B96004F306A /* FirebaseStorageCombine-Community */ = {
			isa = XCSwiftPackageProductDependency;
			package = 45B350E22CCD2B5000C43947 /* XCRemoteSwiftPackageReference "firebase-ios-sdk" */;
			productName = "FirebaseStorageCombine-Community";
		};
		45385FEB2CD01C62004F306A /* FirebaseAnalytics */ = {
			isa = XCSwiftPackageProductDependency;
			package = 45B350E22CCD2B5000C43947 /* XCRemoteSwiftPackageReference "firebase-ios-sdk" */;
			productName = FirebaseAnalytics;
		};
		45385FED2CD01C62004F306A /* FirebaseAnalyticsOnDeviceConversion */ = {
			isa = XCSwiftPackageProductDependency;
			package = 45B350E22CCD2B5000C43947 /* XCRemoteSwiftPackageReference "firebase-ios-sdk" */;
			productName = FirebaseAnalyticsOnDeviceConversion;
		};
		45385FEF2CD01C62004F306A /* FirebaseAnalyticsWithoutAdIdSupport */ = {
			isa = XCSwiftPackageProductDependency;
			package = 45B350E22CCD2B5000C43947 /* XCRemoteSwiftPackageReference "firebase-ios-sdk" */;
			productName = FirebaseAnalyticsWithoutAdIdSupport;
		};
		45385FF12CD01C62004F306A /* FirebaseAppCheck */ = {
			isa = XCSwiftPackageProductDependency;
			package = 45B350E22CCD2B5000C43947 /* XCRemoteSwiftPackageReference "firebase-ios-sdk" */;
			productName = FirebaseAppCheck;
		};
		45385FF32CD01C62004F306A /* FirebaseAppDistribution-Beta */ = {
			isa = XCSwiftPackageProductDependency;
			package = 45B350E22CCD2B5000C43947 /* XCRemoteSwiftPackageReference "firebase-ios-sdk" */;
			productName = "FirebaseAppDistribution-Beta";
		};
		45385FF52CD01C62004F306A /* FirebaseAuthCombine-Community */ = {
			isa = XCSwiftPackageProductDependency;
			package = 45B350E22CCD2B5000C43947 /* XCRemoteSwiftPackageReference "firebase-ios-sdk" */;
			productName = "FirebaseAuthCombine-Community";
		};
		45385FF72CD01C62004F306A /* FirebaseCrashlytics */ = {
			isa = XCSwiftPackageProductDependency;
			package = 45B350E22CCD2B5000C43947 /* XCRemoteSwiftPackageReference "firebase-ios-sdk" */;
			productName = FirebaseCrashlytics;
		};
		45385FF92CD01C62004F306A /* FirebaseDynamicLinks */ = {
			isa = XCSwiftPackageProductDependency;
			package = 45B350E22CCD2B5000C43947 /* XCRemoteSwiftPackageReference "firebase-ios-sdk" */;
			productName = FirebaseDynamicLinks;
		};
		45385FFB2CD01C62004F306A /* FirebaseVertexAI */ = {
			isa = XCSwiftPackageProductDependency;
			package = 45B350E22CCD2B5000C43947 /* XCRemoteSwiftPackageReference "firebase-ios-sdk" */;
			productName = FirebaseVertexAI;
		};
		45B350E32CCD2B5000C43947 /* FirebaseAuth */ = {
			isa = XCSwiftPackageProductDependency;
			package = 45B350E22CCD2B5000C43947 /* XCRemoteSwiftPackageReference "firebase-ios-sdk" */;
			productName = FirebaseAuth;
		};
		45B350E52CCD2B5000C43947 /* FirebaseDatabase */ = {
			isa = XCSwiftPackageProductDependency;
			package = 45B350E22CCD2B5000C43947 /* XCRemoteSwiftPackageReference "firebase-ios-sdk" */;
			productName = FirebaseDatabase;
		};
		45B350E72CCD2B5000C43947 /* FirebaseFirestore */ = {
			isa = XCSwiftPackageProductDependency;
			package = 45B350E22CCD2B5000C43947 /* XCRemoteSwiftPackageReference "firebase-ios-sdk" */;
			productName = FirebaseFirestore;
		};
/* End XCSwiftPackageProductDependency section */
	};
	rootObject = 45D397B62CCCDCF3005D613F /* Project object */;
}
